
Microsoft Visual Studio Solution File, Format Version 12.00
# Visual Studio Version 17
VisualStudioVersion = 17.14.36414.22
MinimumVisualStudioVersion = 10.0.40219.1
Project("{2150E333-8FDC-42A3-9474-1A3956D46DE8}") = "src", "src", "{02EA681E-C7D8-13C7-8484-4AC65E1B71E8}"
EndProject
Project("{2150E333-8FDC-42A3-9474-1A3956D46DE8}") = "Core", "Core", "{DCF468B3-D9A1-4779-8F55-0B0ED0AA544A}"
EndProject
Project("{2150E333-8FDC-42A3-9474-1A3956D46DE8}") = "Infrastructure", "Infrastructure", "{6197A832-F7DD-49B3-9E9D-8E4183B285B9}"
EndProject
Project("{2150E333-8FDC-42A3-9474-1A3956D46DE8}") = "Presentation", "Presentation", "{9101581A-BA39-4050-ABFB-DEFBE54F2B20}"
EndProject
Project("{2150E333-8FDC-42A3-9474-1A3956D46DE8}") = "Services", "Services", "{00CE6763-98C0-4EA9-B693-30AF1A124DB6}"
EndProject
Project("{2150E333-8FDC-42A3-9474-1A3956D46DE8}") = "tests", "tests", "{0A4291E8-1F4F-4DCD-916B-77DEF7D9D1C0}"
EndProject
Project("{2150E333-8FDC-42A3-9474-1A3956D46DE8}") = "docker", "docker", "{46A5D76A-EEDE-442F-AC3B-B84AD0140533}"
EndProject
Project("{FAE04EC0-301F-11D3-BF4B-00C04F79EFBC}") = "SchoolManagement.Domain", "SchoolManagement.Domain\SchoolManagement.Domain.csproj", "{6299F835-4CA4-4380-A08D-03582010DFD6}"
EndProject
Project("{FAE04EC0-301F-11D3-BF4B-00C04F79EFBC}") = "SchoolManagement.Application", "SchoolManagement.Application\SchoolManagement.Application.csproj", "{3CA5CE38-4922-4482-A883-C0F08F7EA204}"
EndProject
Project("{FAE04EC0-301F-11D3-BF4B-00C04F79EFBC}") = "SchoolManagement.Infrastructure", "SchoolManagement.Infrastructure\SchoolManagement.Infrastructure.csproj", "{1C8C94D2-4FE0-4B15-B866-EFF8A0A71633}"
EndProject
Project("{FAE04EC0-301F-11D3-BF4B-00C04F79EFBC}") = "SchoolManagement.Persistence", "SchoolManagement.Persistence\SchoolManagement.Persistence.csproj", "{C79AF44B-A604-4749-B0C9-70DE90F3B9D3}"
EndProject
Project("{FAE04EC0-301F-11D3-BF4B-00C04F79EFBC}") = "StudentManagement.API", "StudentManagement.API\StudentManagement.API.csproj", "{4BBA7DF4-E66C-489C-8387-2D3E7384F813}"
EndProject
Project("{FAE04EC0-301F-11D3-BF4B-00C04F79EFBC}") = "AttendanceService.API", "AttendanceService.API\AttendanceService.API.csproj", "{B6DCEC17-1E13-48A7-B325-4B4923409D42}"
EndProject
Project("{FAE04EC0-301F-11D3-BF4B-00C04F79EFBC}") = "HRMSService.API", "HRMSService.API\HRMSService.API.csproj", "{398BFB2F-3019-4ECF-A244-79B8785017DF}"
EndProject
Project("{FAE04EC0-301F-11D3-BF4B-00C04F79EFBC}") = "FeeManagement.API", "FeeManagement.API\FeeManagement.API.csproj", "{F2426925-BEC3-44A2-9ACB-A8C21FFA1B73}"
EndProject
Project("{FAE04EC0-301F-11D3-BF4B-00C04F79EFBC}") = "ExaminationService.API", "ExaminationService.API\ExaminationService.API.csproj", "{4DA9DB2A-382B-4F80-A040-EEEC796387B3}"
EndProject
Project("{FAE04EC0-301F-11D3-BF4B-00C04F79EFBC}") = "NotificationService.API", "NotificationService.API\NotificationService.API.csproj", "{B1553FF3-A5D5-4386-A37D-9F946731F726}"
EndProject
Project("{FAE04EC0-301F-11D3-BF4B-00C04F79EFBC}") = "UserManagement.API", "UserManagement.API\UserManagement.API.csproj", "{BD38F219-7EFE-47ED-BEC5-93C6864C9C04}"
EndProject
Project("{FAE04EC0-301F-11D3-BF4B-00C04F79EFBC}") = "SchoolManagement.API", "SchoolManagement.API\SchoolManagement.API.csproj", "{1C7BB7F3-E341-4325-A8EC-57BD6738F129}"
EndProject
Project("{54A90642-561A-4BB1-A94E-469ADEE60C69}") = "schoolmanagement.ui", "SchoolManagement.UI\schoolmanagement.ui.esproj", "{B347F06D-3E67-164D-CB21-5D2E53FBE57B}"
EndProject
Global
	GlobalSection(SolutionConfigurationPlatforms) = preSolution
		Debug|Any CPU = Debug|Any CPU
		Release|Any CPU = Release|Any CPU
	EndGlobalSection
	GlobalSection(ProjectConfigurationPlatforms) = postSolution
		{6299F835-4CA4-4380-A08D-03582010DFD6}.Debug|Any CPU.ActiveCfg = Debug|Any CPU
		{6299F835-4CA4-4380-A08D-03582010DFD6}.Debug|Any CPU.Build.0 = Debug|Any CPU
		{6299F835-4CA4-4380-A08D-03582010DFD6}.Release|Any CPU.ActiveCfg = Release|Any CPU
		{6299F835-4CA4-4380-A08D-03582010DFD6}.Release|Any CPU.Build.0 = Release|Any CPU
		{3CA5CE38-4922-4482-A883-C0F08F7EA204}.Debug|Any CPU.ActiveCfg = Debug|Any CPU
		{3CA5CE38-4922-4482-A883-C0F08F7EA204}.Debug|Any CPU.Build.0 = Debug|Any CPU
		{3CA5CE38-4922-4482-A883-C0F08F7EA204}.Release|Any CPU.ActiveCfg = Release|Any CPU
		{3CA5CE38-4922-4482-A883-C0F08F7EA204}.Release|Any CPU.Build.0 = Release|Any CPU
		{1C8C94D2-4FE0-4B15-B866-EFF8A0A71633}.Debug|Any CPU.ActiveCfg = Debug|Any CPU
		{1C8C94D2-4FE0-4B15-B866-EFF8A0A71633}.Debug|Any CPU.Build.0 = Debug|Any CPU
		{1C8C94D2-4FE0-4B15-B866-EFF8A0A71633}.Release|Any CPU.ActiveCfg = Release|Any CPU
		{1C8C94D2-4FE0-4B15-B866-EFF8A0A71633}.Release|Any CPU.Build.0 = Release|Any CPU
		{C79AF44B-A604-4749-B0C9-70DE90F3B9D3}.Debug|Any CPU.ActiveCfg = Debug|Any CPU
		{C79AF44B-A604-4749-B0C9-70DE90F3B9D3}.Debug|Any CPU.Build.0 = Debug|Any CPU
		{C79AF44B-A604-4749-B0C9-70DE90F3B9D3}.Release|Any CPU.ActiveCfg = Release|Any CPU
		{C79AF44B-A604-4749-B0C9-70DE90F3B9D3}.Release|Any CPU.Build.0 = Release|Any CPU
		{4BBA7DF4-E66C-489C-8387-2D3E7384F813}.Debug|Any CPU.ActiveCfg = Debug|Any CPU
		{4BBA7DF4-E66C-489C-8387-2D3E7384F813}.Debug|Any CPU.Build.0 = Debug|Any CPU
		{4BBA7DF4-E66C-489C-8387-2D3E7384F813}.Release|Any CPU.ActiveCfg = Release|Any CPU
		{4BBA7DF4-E66C-489C-8387-2D3E7384F813}.Release|Any CPU.Build.0 = Release|Any CPU
		{B6DCEC17-1E13-48A7-B325-4B4923409D42}.Debug|Any CPU.ActiveCfg = Debug|Any CPU
		{B6DCEC17-1E13-48A7-B325-4B4923409D42}.Debug|Any CPU.Build.0 = Debug|Any CPU
		{B6DCEC17-1E13-48A7-B325-4B4923409D42}.Release|Any CPU.ActiveCfg = Release|Any CPU
		{B6DCEC17-1E13-48A7-B325-4B4923409D42}.Release|Any CPU.Build.0 = Release|Any CPU
		{398BFB2F-3019-4ECF-A244-79B8785017DF}.Debug|Any CPU.ActiveCfg = Debug|Any CPU
		{398BFB2F-3019-4ECF-A244-79B8785017DF}.Debug|Any CPU.Build.0 = Debug|Any CPU
		{398BFB2F-3019-4ECF-A244-79B8785017DF}.Release|Any CPU.ActiveCfg = Release|Any CPU
		{398BFB2F-3019-4ECF-A244-79B8785017DF}.Release|Any CPU.Build.0 = Release|Any CPU
		{F2426925-BEC3-44A2-9ACB-A8C21FFA1B73}.Debug|Any CPU.ActiveCfg = Debug|Any CPU
		{F2426925-BEC3-44A2-9ACB-A8C21FFA1B73}.Debug|Any CPU.Build.0 = Debug|Any CPU
		{F2426925-BEC3-44A2-9ACB-A8C21FFA1B73}.Release|Any CPU.ActiveCfg = Release|Any CPU
		{F2426925-BEC3-44A2-9ACB-A8C21FFA1B73}.Release|Any CPU.Build.0 = Release|Any CPU
		{4DA9DB2A-382B-4F80-A040-EEEC796387B3}.Debug|Any CPU.ActiveCfg = Debug|Any CPU
		{4DA9DB2A-382B-4F80-A040-EEEC796387B3}.Debug|Any CPU.Build.0 = Debug|Any CPU
		{4DA9DB2A-382B-4F80-A040-EEEC796387B3}.Release|Any CPU.ActiveCfg = Release|Any CPU
		{4DA9DB2A-382B-4F80-A040-EEEC796387B3}.Release|Any CPU.Build.0 = Release|Any CPU
		{B1553FF3-A5D5-4386-A37D-9F946731F726}.Debug|Any CPU.ActiveCfg = Debug|Any CPU
		{B1553FF3-A5D5-4386-A37D-9F946731F726}.Debug|Any CPU.Build.0 = Debug|Any CPU
		{B1553FF3-A5D5-4386-A37D-9F946731F726}.Release|Any CPU.ActiveCfg = Release|Any CPU
		{B1553FF3-A5D5-4386-A37D-9F946731F726}.Release|Any CPU.Build.0 = Release|Any CPU
		{BD38F219-7EFE-47ED-BEC5-93C6864C9C04}.Debug|Any CPU.ActiveCfg = Debug|Any CPU
		{BD38F219-7EFE-47ED-BEC5-93C6864C9C04}.Debug|Any CPU.Build.0 = Debug|Any CPU
		{BD38F219-7EFE-47ED-BEC5-93C6864C9C04}.Release|Any CPU.ActiveCfg = Release|Any CPU
		{BD38F219-7EFE-47ED-BEC5-93C6864C9C04}.Release|Any CPU.Build.0 = Release|Any CPU
		{1C7BB7F3-E341-4325-A8EC-57BD6738F129}.Debug|Any CPU.ActiveCfg = Debug|Any CPU
		{1C7BB7F3-E341-4325-A8EC-57BD6738F129}.Debug|Any CPU.Build.0 = Debug|Any CPU
		{1C7BB7F3-E341-4325-A8EC-57BD6738F129}.Release|Any CPU.ActiveCfg = Release|Any CPU
		{1C7BB7F3-E341-4325-A8EC-57BD6738F129}.Release|Any CPU.Build.0 = Release|Any CPU
		{B347F06D-3E67-164D-CB21-5D2E53FBE57B}.Debug|Any CPU.ActiveCfg = Debug|Any CPU
		{B347F06D-3E67-164D-CB21-5D2E53FBE57B}.Debug|Any CPU.Build.0 = Debug|Any CPU
		{B347F06D-3E67-164D-CB21-5D2E53FBE57B}.Debug|Any CPU.Deploy.0 = Debug|Any CPU
		{B347F06D-3E67-164D-CB21-5D2E53FBE57B}.Release|Any CPU.ActiveCfg = Release|Any CPU
		{B347F06D-3E67-164D-CB21-5D2E53FBE57B}.Release|Any CPU.Build.0 = Release|Any CPU
		{B347F06D-3E67-164D-CB21-5D2E53FBE57B}.Release|Any CPU.Deploy.0 = Release|Any CPU
	EndGlobalSection
	GlobalSection(SolutionProperties) = preSolution
		HideSolutionNode = FALSE
	EndGlobalSection
	GlobalSection(NestedProjects) = preSolution
		{DCF468B3-D9A1-4779-8F55-0B0ED0AA544A} = {02EA681E-C7D8-13C7-8484-4AC65E1B71E8}
		{6197A832-F7DD-49B3-9E9D-8E4183B285B9} = {02EA681E-C7D8-13C7-8484-4AC65E1B71E8}
		{9101581A-BA39-4050-ABFB-DEFBE54F2B20} = {02EA681E-C7D8-13C7-8484-4AC65E1B71E8}
		{00CE6763-98C0-4EA9-B693-30AF1A124DB6} = {02EA681E-C7D8-13C7-8484-4AC65E1B71E8}
		{6299F835-4CA4-4380-A08D-03582010DFD6} = {DCF468B3-D9A1-4779-8F55-0B0ED0AA544A}
		{3CA5CE38-4922-4482-A883-C0F08F7EA204} = {DCF468B3-D9A1-4779-8F55-0B0ED0AA544A}
		{1C8C94D2-4FE0-4B15-B866-EFF8A0A71633} = {6197A832-F7DD-49B3-9E9D-8E4183B285B9}
		{C79AF44B-A604-4749-B0C9-70DE90F3B9D3} = {6197A832-F7DD-49B3-9E9D-8E4183B285B9}
		{4BBA7DF4-E66C-489C-8387-2D3E7384F813} = {00CE6763-98C0-4EA9-B693-30AF1A124DB6}
		{B6DCEC17-1E13-48A7-B325-4B4923409D42} = {00CE6763-98C0-4EA9-B693-30AF1A124DB6}
		{398BFB2F-3019-4ECF-A244-79B8785017DF} = {00CE6763-98C0-4EA9-B693-30AF1A124DB6}
		{F2426925-BEC3-44A2-9ACB-A8C21FFA1B73} = {00CE6763-98C0-4EA9-B693-30AF1A124DB6}
		{4DA9DB2A-382B-4F80-A040-EEEC796387B3} = {00CE6763-98C0-4EA9-B693-30AF1A124DB6}
		{B1553FF3-A5D5-4386-A37D-9F946731F726} = {00CE6763-98C0-4EA9-B693-30AF1A124DB6}
		{BD38F219-7EFE-47ED-BEC5-93C6864C9C04} = {00CE6763-98C0-4EA9-B693-30AF1A124DB6}
		{1C7BB7F3-E341-4325-A8EC-57BD6738F129} = {9101581A-BA39-4050-ABFB-DEFBE54F2B20}
		{B347F06D-3E67-164D-CB21-5D2E53FBE57B} = {9101581A-BA39-4050-ABFB-DEFBE54F2B20}
	EndGlobalSection
	GlobalSection(ExtensibilityGlobals) = postSolution
		SolutionGuid = {03555C83-0A0F-4303-8794-A118B51941BE}
	EndGlobalSection
EndGlobal
